
Microsoft Visual Studio Solution File, Format Version 11.00
# Visual Studio 2010
Project("{FAE04EC0-301F-11D3-BF4B-00C04F79EFBC}") = "Assembly-CSharp", "Assembly-CSharp.csproj", "{f6de686d-f532-d33d-a1aa-8942b1cb9d8b}"
EndProject
Project("{FAE04EC0-301F-11D3-BF4B-00C04F79EFBC}") = "Assembly-CSharp-Editor", "Assembly-CSharp-Editor.csproj", "{cfc62576-a9e0-ff6f-1235-cb1d165b4dad}"
EndProject
Global
	GlobalSection(SolutionConfigurationPlatforms) = preSolution
		Debug|Any CPU = Debug|Any CPU
	EndGlobalSection
	GlobalSection(ProjectConfigurationPlatforms) = postSolution
		{f6de686d-f532-d33d-a1aa-8942b1cb9d8b}.Debug|Any CPU.ActiveCfg = Debug|Any CPU
		{f6de686d-f532-d33d-a1aa-8942b1cb9d8b}.Debug|Any CPU.Build.0 = Debug|Any CPU
		{cfc62576-a9e0-ff6f-1235-cb1d165b4dad}.Debug|Any CPU.ActiveCfg = Debug|Any CPU
		{cfc62576-a9e0-ff6f-1235-cb1d165b4dad}.Debug|Any CPU.Build.0 = Debug|Any CPU
	EndGlobalSection
	GlobalSection(SolutionProperties) = preSolution
		HideSolutionNode = FALSE
	EndGlobalSection
EndGlobal
